github.com/generaltso/sadbox v0.0.0-20120828195626-27893f92b8ce h1:aiY8iptoY2drNy2PUYIZStURgj2JKteIYU8h7V7rEgg=
github.com/generaltso/sadbox v0.0.0-20120828195626-27893f92b8ce/go.mod h1:DupcZL2+pG9TQlH5Jk6pgIfybu1aBVyCwoDm3vYnuds=
github.com/generaltso/vibrant v0.0.0-20171030211322-563623b97aee h1:zLQzRt4NSE3D/9dOaydfrl54lCJafy0GvM0DGI/MdaE=
github.com/generaltso/vibrant v0.0.0-20171030211322-563623b97aee/go.mod h1:QmLK0QXa+OA/VI1WiQNTCuqWgzF16WxDcKqQ6MIPr6Q=
github.com/gorilla/context v1.1.1 h1:AWwleXJkX/nhcU9bZSnZoi3h/qGYqQAGhq6zZe/aQW8=
github.com/gorilla/context v1.1.1/go.mod h1:kBGZzfjB9CEq2AlWe17Uuf7NDRt0dE0s8S51q0aT7Yg=
github.com/gorilla/handlers v1.4.0 h1:XulKRWSQK5uChr4pEgSE4Tc/OcmnU9GJuSwdog/tZsA=
github.com/gorilla/handlers v1.4.0/go.mod h1:Qkdc/uu4tH4g6mTK6auzZ766c4CA0Ng8+o/OAirnOIQ=
github.com/gorilla/mux v1.6.2 h1:Pgr17XVTNXAk3q/r4CpKzC5xBM/qW1uVLV+IhRZpIIk=
github.com/gorilla/mux v1.6.2/go.mod h1:1lud6UwP+6orDFRuTfBEV8e9/aOM/c4fVVCaMa2zaAs=
github.com/grokify/html-strip-tags-go v0.0.0-20180907063347-e9e44961e26f h1:CTesHAvAG+NLVJQjbN26kTriSz5YMpeEN0iwVCA37x8=
github.com/grokify/html-strip-tags-go v0.0.0-20180907063347-e9e44961e26f/go.mod h1:Xk7G0nwBiIloTMbLddk4WWJOqi4i/JLhadLd0HUXO30=
github.com/nfnt/resize v0.0.0-20180221191011-83c6a9932646 h1:zYyBkD/k9seD2A7fsi6Oo2LfFZAehjjQMERAvZLEDnQ=
github.com/nfnt/resize v0.0.0-20180221191011-83c6a9932646/go.mod h1:jpp1/29i3P1S/RLdc7JQKbRpFeM1dOBd8T9ki5s+AY8=
